{
  "name": "prisma_tutorial",
  "version": "1.0.0",
  "lockfileVersion": 1,
  "requires": true,
  "dependencies": {
    "@prisma/engines": {
      "version": "2.27.0-43.cdba6ec525e0213cce26f8e4bb23cf556d1479bb",
      "resolved": "https://registry.npmjs.org/@prisma/engines/-/engines-2.27.0-43.cdba6ec525e0213cce26f8e4bb23cf556d1479bb.tgz",
      "integrity": "sha512-AIbIhAxmd2CHZO5XzQTPrfk+Tp/5eoNoSledOG3yc6Dk97siLvnBuSEv7prggUbedCufDwZLAvwxV4PEw3zOlQ==",
      "dev": true
    },
    "prisma": {
      "version": "2.27.0",
      "resolved": "https://registry.npmjs.org/prisma/-/prisma-2.27.0.tgz",
      "integrity": "sha512-/3H9C+IPlJmY5KArhfKHMpxKXqcZIBZ+LjM1b5FxvLCGQkq/mRC96SpHcKcLtiYgftNAX13nvlxg+cBw9Dbe8Q==",
      "dev": true,
      "requires": {
        "@prisma/engines": "2.27.0-43.cdba6ec525e0213cce26f8e4bb23cf556d1479bb"
      }
    }
  }
}
